
Microsoft Visual Studio Solution File, Format Version 12.00
# Visual Studio Version 17
VisualStudioVersion = 17.9.34902.65
MinimumVisualStudioVersion = 10.0.40219.1
Project("{FAE04EC0-301F-11D3-BF4B-00C04F79EFBC}") = "ejer2", "ejer2\ejer2.csproj", "{D165E3C5-3659-425B-9C29-279C1560FA4B}"
EndProject
Global
	GlobalSection(SolutionConfigurationPlatforms) = preSolution
		Debug|Any CPU = Debug|Any CPU
		Release|Any CPU = Release|Any CPU
	EndGlobalSection
	GlobalSection(ProjectConfigurationPlatforms) = postSolution
		{D165E3C5-3659-425B-9C29-279C1560FA4B}.Debug|Any CPU.ActiveCfg = Debug|Any CPU
		{D165E3C5-3659-425B-9C29-279C1560FA4B}.Debug|Any CPU.Build.0 = Debug|Any CPU
		{D165E3C5-3659-425B-9C29-279C1560FA4B}.Release|Any CPU.ActiveCfg = Release|Any CPU
		{D165E3C5-3659-425B-9C29-279C1560FA4B}.Release|Any CPU.Build.0 = Release|Any CPU
	EndGlobalSection
	GlobalSection(SolutionProperties) = preSolution
		HideSolutionNode = FALSE
	EndGlobalSection
	GlobalSection(ExtensibilityGlobals) = postSolution
		SolutionGuid = {51F41993-032F-413B-8FC2-F839E700F8DE}
	EndGlobalSection
EndGlobal
